
Microsoft Visual Studio Solution File, Format Version 12.00
# Visual Studio Version 16
VisualStudioVersion = 16.0.30204.135
MinimumVisualStudioVersion = 10.0.40219.1
Project("{FAE04EC0-301F-11D3-BF4B-00C04F79EFBC}") = "Snehulak", "Snehulak\Snehulak.csproj", "{FC206F7D-9995-4C56-8252-F343234AADA6}"
EndProject
Global
	GlobalSection(SolutionConfigurationPlatforms) = preSolution
		Debug|Any CPU = Debug|Any CPU
		Release|Any CPU = Release|Any CPU
	EndGlobalSection
	GlobalSection(ProjectConfigurationPlatforms) = postSolution
		{FC206F7D-9995-4C56-8252-F343234AADA6}.Debug|Any CPU.ActiveCfg = Debug|Any CPU
		{FC206F7D-9995-4C56-8252-F343234AADA6}.Debug|Any CPU.Build.0 = Debug|Any CPU
		{FC206F7D-9995-4C56-8252-F343234AADA6}.Release|Any CPU.ActiveCfg = Release|Any CPU
		{FC206F7D-9995-4C56-8252-F343234AADA6}.Release|Any CPU.Build.0 = Release|Any CPU
	EndGlobalSection
	GlobalSection(SolutionProperties) = preSolution
		HideSolutionNode = FALSE
	EndGlobalSection
	GlobalSection(ExtensibilityGlobals) = postSolution
		SolutionGuid = {B34C699E-94E6-42AB-8BBE-70D8FF7A501B}
	EndGlobalSection
EndGlobal
